
Microsoft Visual Studio Solution File, Format Version 11.00
# Visual Studio 2010
Project("{FAE04EC0-301F-11D3-BF4B-00C04F79EFBC}") = "Assembly-CSharp", "Assembly-CSharp.csproj", "{1B8F1CB2-75FF-5F0E-A107-EA6BBE449348}"
EndProject
Project("{FAE04EC0-301F-11D3-BF4B-00C04F79EFBC}") = "Assembly-CSharp-Editor", "Assembly-CSharp-Editor.csproj", "{EE5895C0-1ABE-C093-8492-54B72363D3CD}"
EndProject
Global
	GlobalSection(SolutionConfigurationPlatforms) = preSolution
		Debug|Any CPU = Debug|Any CPU
		Release|Any CPU = Release|Any CPU
	EndGlobalSection
	GlobalSection(ProjectConfigurationPlatforms) = postSolution
		{1B8F1CB2-75FF-5F0E-A107-EA6BBE449348}.Debug|Any CPU.ActiveCfg = Debug|Any CPU
		{1B8F1CB2-75FF-5F0E-A107-EA6BBE449348}.Debug|Any CPU.Build.0 = Debug|Any CPU
		{1B8F1CB2-75FF-5F0E-A107-EA6BBE449348}.Release|Any CPU.ActiveCfg = Release|Any CPU
		{1B8F1CB2-75FF-5F0E-A107-EA6BBE449348}.Release|Any CPU.Build.0 = Release|Any CPU
		{EE5895C0-1ABE-C093-8492-54B72363D3CD}.Debug|Any CPU.ActiveCfg = Debug|Any CPU
		{EE5895C0-1ABE-C093-8492-54B72363D3CD}.Debug|Any CPU.Build.0 = Debug|Any CPU
		{EE5895C0-1ABE-C093-8492-54B72363D3CD}.Release|Any CPU.ActiveCfg = Release|Any CPU
		{EE5895C0-1ABE-C093-8492-54B72363D3CD}.Release|Any CPU.Build.0 = Release|Any CPU
	EndGlobalSection
	GlobalSection(SolutionProperties) = preSolution
		HideSolutionNode = FALSE
	EndGlobalSection
	GlobalSection(MonoDevelopProperties) = preSolution
		StartupItem = Assembly-CSharp.csproj
	EndGlobalSection
EndGlobal
